
Microsoft Visual Studio Solution File, Format Version 12.00
# Visual Studio Version 17
VisualStudioVersion = 17.4.33213.308
MinimumVisualStudioVersion = 10.0.40219.1
Project("{FAE04EC0-301F-11D3-BF4B-00C04F79EFBC}") = "WpfEx000", "WpfEx000\WpfEx000.csproj", "{F56381CA-2669-49C6-83B8-8658EE8C77C7}"
EndProject
Global
	GlobalSection(SolutionConfigurationPlatforms) = preSolution
		Debug|Any CPU = Debug|Any CPU
		Release|Any CPU = Release|Any CPU
	EndGlobalSection
	GlobalSection(ProjectConfigurationPlatforms) = postSolution
		{F56381CA-2669-49C6-83B8-8658EE8C77C7}.Debug|Any CPU.ActiveCfg = Debug|Any CPU
		{F56381CA-2669-49C6-83B8-8658EE8C77C7}.Debug|Any CPU.Build.0 = Debug|Any CPU
		{F56381CA-2669-49C6-83B8-8658EE8C77C7}.Release|Any CPU.ActiveCfg = Release|Any CPU
		{F56381CA-2669-49C6-83B8-8658EE8C77C7}.Release|Any CPU.Build.0 = Release|Any CPU
	EndGlobalSection
	GlobalSection(SolutionProperties) = preSolution
		HideSolutionNode = FALSE
	EndGlobalSection
	GlobalSection(ExtensibilityGlobals) = postSolution
		SolutionGuid = {DD8B1F78-A432-452C-9777-57244044B98B}
	EndGlobalSection
EndGlobal
