
Microsoft Visual Studio Solution File, Format Version 12.00
# Visual Studio Version 17
VisualStudioVersion = 17.4.33213.308
MinimumVisualStudioVersion = 10.0.40219.1
Project("{9A19103F-16F7-4668-BE54-9A1E7A4F7556}") = "M01A02A", "M01A02A\M01A02A.csproj", "{6F5A9691-E58C-4159-B9E1-D54124A57E76}"
EndProject
Project("{9A19103F-16F7-4668-BE54-9A1E7A4F7556}") = "M01A02B", "M01A02B\M01A02B.csproj", "{9EF73B63-67B4-4B0D-85E6-1084498DD481}"
EndProject
Project("{9A19103F-16F7-4668-BE54-9A1E7A4F7556}") = "M01A02C", "M01A02C\M01A02C.csproj", "{A3AD17C9-FB83-4EBD-A9CE-436CD479E114}"
EndProject
Project("{9A19103F-16F7-4668-BE54-9A1E7A4F7556}") = "M01A02D", "M01A02D\M01A02D.csproj", "{4768E600-B330-4DBF-B243-EFDD4D577593}"
EndProject
Project("{9A19103F-16F7-4668-BE54-9A1E7A4F7556}") = "M01A02E", "M01A02E\M01A02E.csproj", "{B5F2EB7F-875F-46CA-9642-C87A1407260A}"
EndProject
Project("{9A19103F-16F7-4668-BE54-9A1E7A4F7556}") = "M01A03", "M01A03\M01A03.csproj", "{71503981-64CC-491D-ACE3-A00DB3829D5A}"
EndProject
Project("{9A19103F-16F7-4668-BE54-9A1E7A4F7556}") = "M01A04", "M01A04\M01A04.csproj", "{D1087D19-89AD-44E0-9567-5BB2EDB12F62}"
EndProject
Project("{FAE04EC0-301F-11D3-BF4B-00C04F79EFBC}") = "M01A05A", "M01A05\M01A05A.csproj", "{41E42539-DB28-4B9D-8178-27B560292937}"
EndProject
Project("{FAE04EC0-301F-11D3-BF4B-00C04F79EFBC}") = "M01A05B", "M01A05B\M01A05B.csproj", "{8075CCFE-6562-4769-9774-30B1609C46CE}"
EndProject
Project("{FAE04EC0-301F-11D3-BF4B-00C04F79EFBC}") = "M01A06", "M01A06\M01A06.csproj", "{E55FF4EE-B092-4CAA-BD8B-DEB185800377}"
EndProject
Project("{FAE04EC0-301F-11D3-BF4B-00C04F79EFBC}") = "M01A07", "M01A07\M01A07.csproj", "{A7113C40-B1C6-4A5F-8F96-F62A0C4218A5}"
EndProject
Project("{FAE04EC0-301F-11D3-BF4B-00C04F79EFBC}") = "M01A08", "M01A08\M01A08.csproj", "{7543B6C7-C664-45E5-B17E-92EB81B9C5EE}"
EndProject
Project("{FAE04EC0-301F-11D3-BF4B-00C04F79EFBC}") = "M01A08B", "M01A08B\M01A08B.csproj", "{36AB5E03-EDCF-41A7-A32C-CE32039E5AF2}"
EndProject
Project("{FAE04EC0-301F-11D3-BF4B-00C04F79EFBC}") = "M01A08C", "M01A08C\M01A08C.csproj", "{1A06A81C-0A9B-491E-91D1-527A844DCA31}"
EndProject
Project("{FAE04EC0-301F-11D3-BF4B-00C04F79EFBC}") = "M01A08D", "M01A08D\M01A08D.csproj", "{8C4D0B19-1440-400E-B84B-6A234637A36E}"
EndProject
Project("{FAE04EC0-301F-11D3-BF4B-00C04F79EFBC}") = "M01A08E", "M01A08E\M01A08E.csproj", "{F9D91FC2-0FFD-4CCB-AF6F-7901DE062E1F}"
EndProject
Project("{FAE04EC0-301F-11D3-BF4B-00C04F79EFBC}") = "M01A08F", "M01A08F\M01A08F.csproj", "{7F866CD3-7295-4356-B108-4496EBFC8A89}"
EndProject
Global
	GlobalSection(SolutionConfigurationPlatforms) = preSolution
		Debug|Any CPU = Debug|Any CPU
		Release|Any CPU = Release|Any CPU
	EndGlobalSection
	GlobalSection(ProjectConfigurationPlatforms) = postSolution
		{6F5A9691-E58C-4159-B9E1-D54124A57E76}.Debug|Any CPU.ActiveCfg = Debug|Any CPU
		{6F5A9691-E58C-4159-B9E1-D54124A57E76}.Debug|Any CPU.Build.0 = Debug|Any CPU
		{6F5A9691-E58C-4159-B9E1-D54124A57E76}.Release|Any CPU.ActiveCfg = Release|Any CPU
		{6F5A9691-E58C-4159-B9E1-D54124A57E76}.Release|Any CPU.Build.0 = Release|Any CPU
		{9EF73B63-67B4-4B0D-85E6-1084498DD481}.Debug|Any CPU.ActiveCfg = Debug|Any CPU
		{9EF73B63-67B4-4B0D-85E6-1084498DD481}.Debug|Any CPU.Build.0 = Debug|Any CPU
		{9EF73B63-67B4-4B0D-85E6-1084498DD481}.Release|Any CPU.ActiveCfg = Release|Any CPU
		{9EF73B63-67B4-4B0D-85E6-1084498DD481}.Release|Any CPU.Build.0 = Release|Any CPU
		{A3AD17C9-FB83-4EBD-A9CE-436CD479E114}.Debug|Any CPU.ActiveCfg = Debug|Any CPU
		{A3AD17C9-FB83-4EBD-A9CE-436CD479E114}.Debug|Any CPU.Build.0 = Debug|Any CPU
		{A3AD17C9-FB83-4EBD-A9CE-436CD479E114}.Release|Any CPU.ActiveCfg = Release|Any CPU
		{A3AD17C9-FB83-4EBD-A9CE-436CD479E114}.Release|Any CPU.Build.0 = Release|Any CPU
		{4768E600-B330-4DBF-B243-EFDD4D577593}.Debug|Any CPU.ActiveCfg = Debug|Any CPU
		{4768E600-B330-4DBF-B243-EFDD4D577593}.Debug|Any CPU.Build.0 = Debug|Any CPU
		{4768E600-B330-4DBF-B243-EFDD4D577593}.Release|Any CPU.ActiveCfg = Release|Any CPU
		{4768E600-B330-4DBF-B243-EFDD4D577593}.Release|Any CPU.Build.0 = Release|Any CPU
		{B5F2EB7F-875F-46CA-9642-C87A1407260A}.Debug|Any CPU.ActiveCfg = Debug|Any CPU
		{B5F2EB7F-875F-46CA-9642-C87A1407260A}.Debug|Any CPU.Build.0 = Debug|Any CPU
		{B5F2EB7F-875F-46CA-9642-C87A1407260A}.Release|Any CPU.ActiveCfg = Release|Any CPU
		{B5F2EB7F-875F-46CA-9642-C87A1407260A}.Release|Any CPU.Build.0 = Release|Any CPU
		{71503981-64CC-491D-ACE3-A00DB3829D5A}.Debug|Any CPU.ActiveCfg = Debug|Any CPU
		{71503981-64CC-491D-ACE3-A00DB3829D5A}.Debug|Any CPU.Build.0 = Debug|Any CPU
		{71503981-64CC-491D-ACE3-A00DB3829D5A}.Release|Any CPU.ActiveCfg = Release|Any CPU
		{71503981-64CC-491D-ACE3-A00DB3829D5A}.Release|Any CPU.Build.0 = Release|Any CPU
		{D1087D19-89AD-44E0-9567-5BB2EDB12F62}.Debug|Any CPU.ActiveCfg = Debug|Any CPU
		{D1087D19-89AD-44E0-9567-5BB2EDB12F62}.Debug|Any CPU.Build.0 = Debug|Any CPU
		{D1087D19-89AD-44E0-9567-5BB2EDB12F62}.Release|Any CPU.ActiveCfg = Release|Any CPU
		{D1087D19-89AD-44E0-9567-5BB2EDB12F62}.Release|Any CPU.Build.0 = Release|Any CPU
		{41E42539-DB28-4B9D-8178-27B560292937}.Debug|Any CPU.ActiveCfg = Debug|Any CPU
		{41E42539-DB28-4B9D-8178-27B560292937}.Debug|Any CPU.Build.0 = Debug|Any CPU
		{41E42539-DB28-4B9D-8178-27B560292937}.Release|Any CPU.ActiveCfg = Release|Any CPU
		{41E42539-DB28-4B9D-8178-27B560292937}.Release|Any CPU.Build.0 = Release|Any CPU
		{8075CCFE-6562-4769-9774-30B1609C46CE}.Debug|Any CPU.ActiveCfg = Debug|Any CPU
		{8075CCFE-6562-4769-9774-30B1609C46CE}.Debug|Any CPU.Build.0 = Debug|Any CPU
		{8075CCFE-6562-4769-9774-30B1609C46CE}.Release|Any CPU.ActiveCfg = Release|Any CPU
		{8075CCFE-6562-4769-9774-30B1609C46CE}.Release|Any CPU.Build.0 = Release|Any CPU
		{E55FF4EE-B092-4CAA-BD8B-DEB185800377}.Debug|Any CPU.ActiveCfg = Debug|Any CPU
		{E55FF4EE-B092-4CAA-BD8B-DEB185800377}.Debug|Any CPU.Build.0 = Debug|Any CPU
		{E55FF4EE-B092-4CAA-BD8B-DEB185800377}.Release|Any CPU.ActiveCfg = Release|Any CPU
		{E55FF4EE-B092-4CAA-BD8B-DEB185800377}.Release|Any CPU.Build.0 = Release|Any CPU
		{A7113C40-B1C6-4A5F-8F96-F62A0C4218A5}.Debug|Any CPU.ActiveCfg = Debug|Any CPU
		{A7113C40-B1C6-4A5F-8F96-F62A0C4218A5}.Debug|Any CPU.Build.0 = Debug|Any CPU
		{A7113C40-B1C6-4A5F-8F96-F62A0C4218A5}.Release|Any CPU.ActiveCfg = Release|Any CPU
		{A7113C40-B1C6-4A5F-8F96-F62A0C4218A5}.Release|Any CPU.Build.0 = Release|Any CPU
		{7543B6C7-C664-45E5-B17E-92EB81B9C5EE}.Debug|Any CPU.ActiveCfg = Debug|Any CPU
		{7543B6C7-C664-45E5-B17E-92EB81B9C5EE}.Debug|Any CPU.Build.0 = Debug|Any CPU
		{7543B6C7-C664-45E5-B17E-92EB81B9C5EE}.Release|Any CPU.ActiveCfg = Release|Any CPU
		{7543B6C7-C664-45E5-B17E-92EB81B9C5EE}.Release|Any CPU.Build.0 = Release|Any CPU
		{36AB5E03-EDCF-41A7-A32C-CE32039E5AF2}.Debug|Any CPU.ActiveCfg = Debug|Any CPU
		{36AB5E03-EDCF-41A7-A32C-CE32039E5AF2}.Debug|Any CPU.Build.0 = Debug|Any CPU
		{36AB5E03-EDCF-41A7-A32C-CE32039E5AF2}.Release|Any CPU.ActiveCfg = Release|Any CPU
		{36AB5E03-EDCF-41A7-A32C-CE32039E5AF2}.Release|Any CPU.Build.0 = Release|Any CPU
		{1A06A81C-0A9B-491E-91D1-527A844DCA31}.Debug|Any CPU.ActiveCfg = Debug|Any CPU
		{1A06A81C-0A9B-491E-91D1-527A844DCA31}.Debug|Any CPU.Build.0 = Debug|Any CPU
		{1A06A81C-0A9B-491E-91D1-527A844DCA31}.Release|Any CPU.ActiveCfg = Release|Any CPU
		{1A06A81C-0A9B-491E-91D1-527A844DCA31}.Release|Any CPU.Build.0 = Release|Any CPU
		{8C4D0B19-1440-400E-B84B-6A234637A36E}.Debug|Any CPU.ActiveCfg = Debug|Any CPU
		{8C4D0B19-1440-400E-B84B-6A234637A36E}.Debug|Any CPU.Build.0 = Debug|Any CPU
		{8C4D0B19-1440-400E-B84B-6A234637A36E}.Release|Any CPU.ActiveCfg = Release|Any CPU
		{8C4D0B19-1440-400E-B84B-6A234637A36E}.Release|Any CPU.Build.0 = Release|Any CPU
		{F9D91FC2-0FFD-4CCB-AF6F-7901DE062E1F}.Debug|Any CPU.ActiveCfg = Debug|Any CPU
		{F9D91FC2-0FFD-4CCB-AF6F-7901DE062E1F}.Debug|Any CPU.Build.0 = Debug|Any CPU
		{F9D91FC2-0FFD-4CCB-AF6F-7901DE062E1F}.Release|Any CPU.ActiveCfg = Release|Any CPU
		{F9D91FC2-0FFD-4CCB-AF6F-7901DE062E1F}.Release|Any CPU.Build.0 = Release|Any CPU
		{7F866CD3-7295-4356-B108-4496EBFC8A89}.Debug|Any CPU.ActiveCfg = Debug|Any CPU
		{7F866CD3-7295-4356-B108-4496EBFC8A89}.Debug|Any CPU.Build.0 = Debug|Any CPU
		{7F866CD3-7295-4356-B108-4496EBFC8A89}.Release|Any CPU.ActiveCfg = Release|Any CPU
		{7F866CD3-7295-4356-B108-4496EBFC8A89}.Release|Any CPU.Build.0 = Release|Any CPU
	EndGlobalSection
	GlobalSection(SolutionProperties) = preSolution
		HideSolutionNode = FALSE
	EndGlobalSection
	GlobalSection(ExtensibilityGlobals) = postSolution
		SolutionGuid = {2B3F2257-8E5E-4619-9AEB-E749AB7F1C77}
	EndGlobalSection
EndGlobal
