
Microsoft Visual Studio Solution File, Format Version 12.00
# Visual Studio Version 17
VisualStudioVersion = 17.4.33213.308
MinimumVisualStudioVersion = 10.0.40219.1
Project("{FAE04EC0-301F-11D3-BF4B-00C04F79EFBC}") = "WindowsEx000", "WindowsEx000\WindowsEx000.csproj", "{0AC88A12-E576-4B9B-A6DC-8CA1E359BB4D}"
EndProject
Global
	GlobalSection(SolutionConfigurationPlatforms) = preSolution
		Debug|Any CPU = Debug|Any CPU
		Release|Any CPU = Release|Any CPU
	EndGlobalSection
	GlobalSection(ProjectConfigurationPlatforms) = postSolution
		{0AC88A12-E576-4B9B-A6DC-8CA1E359BB4D}.Debug|Any CPU.ActiveCfg = Debug|Any CPU
		{0AC88A12-E576-4B9B-A6DC-8CA1E359BB4D}.Debug|Any CPU.Build.0 = Debug|Any CPU
		{0AC88A12-E576-4B9B-A6DC-8CA1E359BB4D}.Release|Any CPU.ActiveCfg = Release|Any CPU
		{0AC88A12-E576-4B9B-A6DC-8CA1E359BB4D}.Release|Any CPU.Build.0 = Release|Any CPU
	EndGlobalSection
	GlobalSection(SolutionProperties) = preSolution
		HideSolutionNode = FALSE
	EndGlobalSection
	GlobalSection(ExtensibilityGlobals) = postSolution
		SolutionGuid = {A2C63430-F3A8-40EB-901C-2E39D4C125D4}
	EndGlobalSection
EndGlobal
